
Microsoft Visual Studio Solution File, Format Version 12.00
# Visual Studio Version 17
VisualStudioVersion = 17.12.35527.113
MinimumVisualStudioVersion = 10.0.40219.1
Project("{FAE04EC0-301F-11D3-BF4B-00C04F79EFBC}") = "ch_01_hello", "ch_01_hello\ch_01_hello.csproj", "{BC2366A3-0A48-41A7-82A0-41D5EF67981A}"
EndProject
Project("{FAE04EC0-301F-11D3-BF4B-00C04F79EFBC}") = "ch_02_routing", "ch_02_routing\ch_02_routing.csproj", "{96178E31-0280-4F3F-BA96-4340C7EA5FF8}"
EndProject
Project("{FAE04EC0-301F-11D3-BF4B-00C04F79EFBC}") = "ch_03_route_parameters", "ch_03_route_parameters\ch_03_route_parameters.csproj", "{2447871F-962E-477E-A576-BCFAA2F2CE46}"
EndProject
Project("{FAE04EC0-301F-11D3-BF4B-00C04F79EFBC}") = "BookApi", "BookApi\BookApi.csproj", "{55C23B9F-9564-4DAE-BE73-C5F5027DF37A}"
EndProject
Project("{FAE04EC0-301F-11D3-BF4B-00C04F79EFBC}") = "ch_05_errors", "ch_05_errors\ch_05_errors.csproj", "{1E5DFEA5-F35B-4F8F-A6C9-F4E6862E7B19}"
EndProject
Project("{FAE04EC0-301F-11D3-BF4B-00C04F79EFBC}") = "ch_06_cors", "ch_06_cors\ch_06_cors.csproj", "{4F64C1A4-C2B5-471C-BF9A-E5A544EB228B}"
EndProject
Project("{FAE04EC0-301F-11D3-BF4B-00C04F79EFBC}") = "ch_07_validation", "ch_07_validation\ch_07_validation.csproj", "{6593E01C-9127-4C01-9A10-714E9D7EF48E}"
EndProject
Project("{FAE04EC0-301F-11D3-BF4B-00C04F79EFBC}") = "ch_08_di", "ch_08_di\ch_08_di.csproj", "{F10BE25F-D8E6-4B1D-891A-66F0CE2E1B60}"
EndProject
Global
	GlobalSection(SolutionConfigurationPlatforms) = preSolution
		Debug|Any CPU = Debug|Any CPU
		Release|Any CPU = Release|Any CPU
	EndGlobalSection
	GlobalSection(ProjectConfigurationPlatforms) = postSolution
		{BC2366A3-0A48-41A7-82A0-41D5EF67981A}.Debug|Any CPU.ActiveCfg = Debug|Any CPU
		{BC2366A3-0A48-41A7-82A0-41D5EF67981A}.Debug|Any CPU.Build.0 = Debug|Any CPU
		{BC2366A3-0A48-41A7-82A0-41D5EF67981A}.Release|Any CPU.ActiveCfg = Release|Any CPU
		{BC2366A3-0A48-41A7-82A0-41D5EF67981A}.Release|Any CPU.Build.0 = Release|Any CPU
		{96178E31-0280-4F3F-BA96-4340C7EA5FF8}.Debug|Any CPU.ActiveCfg = Debug|Any CPU
		{96178E31-0280-4F3F-BA96-4340C7EA5FF8}.Debug|Any CPU.Build.0 = Debug|Any CPU
		{96178E31-0280-4F3F-BA96-4340C7EA5FF8}.Release|Any CPU.ActiveCfg = Release|Any CPU
		{96178E31-0280-4F3F-BA96-4340C7EA5FF8}.Release|Any CPU.Build.0 = Release|Any CPU
		{2447871F-962E-477E-A576-BCFAA2F2CE46}.Debug|Any CPU.ActiveCfg = Debug|Any CPU
		{2447871F-962E-477E-A576-BCFAA2F2CE46}.Debug|Any CPU.Build.0 = Debug|Any CPU
		{2447871F-962E-477E-A576-BCFAA2F2CE46}.Release|Any CPU.ActiveCfg = Release|Any CPU
		{2447871F-962E-477E-A576-BCFAA2F2CE46}.Release|Any CPU.Build.0 = Release|Any CPU
		{55C23B9F-9564-4DAE-BE73-C5F5027DF37A}.Debug|Any CPU.ActiveCfg = Debug|Any CPU
		{55C23B9F-9564-4DAE-BE73-C5F5027DF37A}.Debug|Any CPU.Build.0 = Debug|Any CPU
		{55C23B9F-9564-4DAE-BE73-C5F5027DF37A}.Release|Any CPU.ActiveCfg = Release|Any CPU
		{55C23B9F-9564-4DAE-BE73-C5F5027DF37A}.Release|Any CPU.Build.0 = Release|Any CPU
		{1E5DFEA5-F35B-4F8F-A6C9-F4E6862E7B19}.Debug|Any CPU.ActiveCfg = Debug|Any CPU
		{1E5DFEA5-F35B-4F8F-A6C9-F4E6862E7B19}.Debug|Any CPU.Build.0 = Debug|Any CPU
		{1E5DFEA5-F35B-4F8F-A6C9-F4E6862E7B19}.Release|Any CPU.ActiveCfg = Release|Any CPU
		{1E5DFEA5-F35B-4F8F-A6C9-F4E6862E7B19}.Release|Any CPU.Build.0 = Release|Any CPU
		{4F64C1A4-C2B5-471C-BF9A-E5A544EB228B}.Debug|Any CPU.ActiveCfg = Debug|Any CPU
		{4F64C1A4-C2B5-471C-BF9A-E5A544EB228B}.Debug|Any CPU.Build.0 = Debug|Any CPU
		{4F64C1A4-C2B5-471C-BF9A-E5A544EB228B}.Release|Any CPU.ActiveCfg = Release|Any CPU
		{4F64C1A4-C2B5-471C-BF9A-E5A544EB228B}.Release|Any CPU.Build.0 = Release|Any CPU
		{6593E01C-9127-4C01-9A10-714E9D7EF48E}.Debug|Any CPU.ActiveCfg = Debug|Any CPU
		{6593E01C-9127-4C01-9A10-714E9D7EF48E}.Debug|Any CPU.Build.0 = Debug|Any CPU
		{6593E01C-9127-4C01-9A10-714E9D7EF48E}.Release|Any CPU.ActiveCfg = Release|Any CPU
		{6593E01C-9127-4C01-9A10-714E9D7EF48E}.Release|Any CPU.Build.0 = Release|Any CPU
		{F10BE25F-D8E6-4B1D-891A-66F0CE2E1B60}.Debug|Any CPU.ActiveCfg = Debug|Any CPU
		{F10BE25F-D8E6-4B1D-891A-66F0CE2E1B60}.Debug|Any CPU.Build.0 = Debug|Any CPU
		{F10BE25F-D8E6-4B1D-891A-66F0CE2E1B60}.Release|Any CPU.ActiveCfg = Release|Any CPU
		{F10BE25F-D8E6-4B1D-891A-66F0CE2E1B60}.Release|Any CPU.Build.0 = Release|Any CPU
	EndGlobalSection
	GlobalSection(SolutionProperties) = preSolution
		HideSolutionNode = FALSE
	EndGlobalSection
EndGlobal
